
Microsoft Visual Studio Solution File, Format Version 12.00
# Visual Studio Version 16
VisualStudioVersion = 16.0.33027.164
MinimumVisualStudioVersion = 10.0.40219.1
Project("{FAE04EC0-301F-11D3-BF4B-00C04F79EFBC}") = "calc-lib", "calc-lib.csproj", "{81ED8EF9-D717-4E32-9617-06E85CE31D14}"
EndProject
Project("{FAE04EC0-301F-11D3-BF4B-00C04F79EFBC}") = "calc-lib-tester", "..\calc-lib-tester\calc-lib-tester.csproj", "{A488E035-3F81-4273-82BD-4DA5B06221E3}"
EndProject
Global
	GlobalSection(SolutionConfigurationPlatforms) = preSolution
		Debug|Any CPU = Debug|Any CPU
		Release|Any CPU = Release|Any CPU
	EndGlobalSection
	GlobalSection(ProjectConfigurationPlatforms) = postSolution
		{81ED8EF9-D717-4E32-9617-06E85CE31D14}.Debug|Any CPU.ActiveCfg = Debug|Any CPU
		{81ED8EF9-D717-4E32-9617-06E85CE31D14}.Debug|Any CPU.Build.0 = Debug|Any CPU
		{81ED8EF9-D717-4E32-9617-06E85CE31D14}.Release|Any CPU.ActiveCfg = Release|Any CPU
		{81ED8EF9-D717-4E32-9617-06E85CE31D14}.Release|Any CPU.Build.0 = Release|Any CPU
		{A488E035-3F81-4273-82BD-4DA5B06221E3}.Debug|Any CPU.ActiveCfg = Debug|Any CPU
		{A488E035-3F81-4273-82BD-4DA5B06221E3}.Debug|Any CPU.Build.0 = Debug|Any CPU
		{A488E035-3F81-4273-82BD-4DA5B06221E3}.Release|Any CPU.ActiveCfg = Release|Any CPU
		{A488E035-3F81-4273-82BD-4DA5B06221E3}.Release|Any CPU.Build.0 = Release|Any CPU
	EndGlobalSection
	GlobalSection(SolutionProperties) = preSolution
		HideSolutionNode = FALSE
	EndGlobalSection
	GlobalSection(ExtensibilityGlobals) = postSolution
		SolutionGuid = {50CEC7D7-F556-4F60-867C-798A85866669}
	EndGlobalSection
EndGlobal
